
Microsoft Visual Studio Solution File, Format Version 12.00
# Visual Studio Version 17
VisualStudioVersion = 17.7.34202.233
MinimumVisualStudioVersion = 10.0.40219.1
Project("{FAE04EC0-301F-11D3-BF4B-00C04F79EFBC}") = "DoAn", "DoAn\DoAn.csproj", "{EEF36EEA-9A69-481C-A912-771D0CEBE344}"
EndProject
Global
	GlobalSection(SolutionConfigurationPlatforms) = preSolution
		Debug|Any CPU = Debug|Any CPU
		Release|Any CPU = Release|Any CPU
	EndGlobalSection
	GlobalSection(ProjectConfigurationPlatforms) = postSolution
		{EEF36EEA-9A69-481C-A912-771D0CEBE344}.Debug|Any CPU.ActiveCfg = Debug|Any CPU
		{EEF36EEA-9A69-481C-A912-771D0CEBE344}.Debug|Any CPU.Build.0 = Debug|Any CPU
		{EEF36EEA-9A69-481C-A912-771D0CEBE344}.Release|Any CPU.ActiveCfg = Release|Any CPU
		{EEF36EEA-9A69-481C-A912-771D0CEBE344}.Release|Any CPU.Build.0 = Release|Any CPU
	EndGlobalSection
	GlobalSection(SolutionProperties) = preSolution
		HideSolutionNode = FALSE
	EndGlobalSection
	GlobalSection(ExtensibilityGlobals) = postSolution
		SolutionGuid = {EE409A1E-EA0B-4B37-AD9E-755DB8710963}
	EndGlobalSection
EndGlobal
